github.com/i0Ek3/asrt v0.0.0-20211128113156-6b20fc966c52 h1:WxuS5rvMuVxOgxUK6VgPfW1tuiAVK5QxCaNbtM6PlWM=
github.com/i0Ek3/asrt v0.0.0-20211128113156-6b20fc966c52/go.mod h1:9QSNAN0XT2VglcE2qfpR9vSoReJmpDfD6XttllljxJ0=
github.com/petermattis/goid v0.0.0-20220331194723-8ee3e6ded87a h1:VXRRto5GMJPNfB7MNbUVoFhtxwoYjBEsIt/NpWg42U0=
github.com/petermattis/goid v0.0.0-20220331194723-8ee3e6ded87a/go.mod h1:pxMtw7cyUw6B2bRH0ZBANSPg+AoSud1I1iyJHI69jH4=
github.com/petermattis/goid v0.0.0-20220824145935-af5520614cb6 h1:CoZdAHg4WQNvhnyqCxKEDlRRnsvEafj0RPTF9KBGi58=
github.com/petermattis/goid v0.0.0-20220824145935-af5520614cb6/go.mod h1:pxMtw7cyUw6B2bRH0ZBANSPg+AoSud1I1iyJHI69jH4=
